
Microsoft Visual Studio Solution File, Format Version 12.00
# Visual Studio 15
VisualStudioVersion = 15.0.27703.2026
MinimumVisualStudioVersion = 10.0.40219.1
Project("{FAE04EC0-301F-11D3-BF4B-00C04F79EFBC}") = "Entity", "Entity\Entity.csproj", "{1C7F12A5-BC2E-460E-88B2-15C7B935DFA5}"
EndProject
Project("{FAE04EC0-301F-11D3-BF4B-00C04F79EFBC}") = "ElevatorSimulatorTests", "ElevatorSimulatorTests\ElevatorSimulatorTests.csproj", "{7DA19BE5-3E2F-4261-AA1A-ACA3924F0C73}"
EndProject
Project("{FAE04EC0-301F-11D3-BF4B-00C04F79EFBC}") = "SolvingQuestion1", "SolvingQuestion1\SolvingQuestion1.csproj", "{2C75568A-1B1A-48E7-821D-FAA4045D1B20}"
EndProject
Project("{FAE04EC0-301F-11D3-BF4B-00C04F79EFBC}") = "SolvingQuestion2", "SolvingQuestion2\SolvingQuestion2.csproj", "{76876A0C-48A7-4F20-89F8-88DEE2D178F1}"
EndProject
Project("{FAE04EC0-301F-11D3-BF4B-00C04F79EFBC}") = "SolvingQuestion3", "SolvingQuestion3\SolvingQuestion3.csproj", "{A126B299-D48F-4686-A39D-9CE07DB744A2}"
EndProject
Global
	GlobalSection(SolutionConfigurationPlatforms) = preSolution
		Debug|Any CPU = Debug|Any CPU
		Release|Any CPU = Release|Any CPU
	EndGlobalSection
	GlobalSection(ProjectConfigurationPlatforms) = postSolution
		{1C7F12A5-BC2E-460E-88B2-15C7B935DFA5}.Debug|Any CPU.ActiveCfg = Debug|Any CPU
		{1C7F12A5-BC2E-460E-88B2-15C7B935DFA5}.Debug|Any CPU.Build.0 = Debug|Any CPU
		{1C7F12A5-BC2E-460E-88B2-15C7B935DFA5}.Release|Any CPU.ActiveCfg = Release|Any CPU
		{1C7F12A5-BC2E-460E-88B2-15C7B935DFA5}.Release|Any CPU.Build.0 = Release|Any CPU
		{7DA19BE5-3E2F-4261-AA1A-ACA3924F0C73}.Debug|Any CPU.ActiveCfg = Debug|Any CPU
		{7DA19BE5-3E2F-4261-AA1A-ACA3924F0C73}.Debug|Any CPU.Build.0 = Debug|Any CPU
		{7DA19BE5-3E2F-4261-AA1A-ACA3924F0C73}.Release|Any CPU.ActiveCfg = Release|Any CPU
		{7DA19BE5-3E2F-4261-AA1A-ACA3924F0C73}.Release|Any CPU.Build.0 = Release|Any CPU
		{2C75568A-1B1A-48E7-821D-FAA4045D1B20}.Debug|Any CPU.ActiveCfg = Debug|Any CPU
		{2C75568A-1B1A-48E7-821D-FAA4045D1B20}.Debug|Any CPU.Build.0 = Debug|Any CPU
		{2C75568A-1B1A-48E7-821D-FAA4045D1B20}.Release|Any CPU.ActiveCfg = Release|Any CPU
		{2C75568A-1B1A-48E7-821D-FAA4045D1B20}.Release|Any CPU.Build.0 = Release|Any CPU
		{76876A0C-48A7-4F20-89F8-88DEE2D178F1}.Debug|Any CPU.ActiveCfg = Debug|Any CPU
		{76876A0C-48A7-4F20-89F8-88DEE2D178F1}.Debug|Any CPU.Build.0 = Debug|Any CPU
		{76876A0C-48A7-4F20-89F8-88DEE2D178F1}.Release|Any CPU.ActiveCfg = Release|Any CPU
		{76876A0C-48A7-4F20-89F8-88DEE2D178F1}.Release|Any CPU.Build.0 = Release|Any CPU
		{A126B299-D48F-4686-A39D-9CE07DB744A2}.Debug|Any CPU.ActiveCfg = Debug|Any CPU
		{A126B299-D48F-4686-A39D-9CE07DB744A2}.Debug|Any CPU.Build.0 = Debug|Any CPU
		{A126B299-D48F-4686-A39D-9CE07DB744A2}.Release|Any CPU.ActiveCfg = Release|Any CPU
		{A126B299-D48F-4686-A39D-9CE07DB744A2}.Release|Any CPU.Build.0 = Release|Any CPU
	EndGlobalSection
	GlobalSection(SolutionProperties) = preSolution
		HideSolutionNode = FALSE
	EndGlobalSection
	GlobalSection(ExtensibilityGlobals) = postSolution
		SolutionGuid = {02B2BDE0-4DB1-4F85-B0CD-2ACCA7AD90D9}
	EndGlobalSection
EndGlobal
